
Microsoft Visual Studio Solution File, Format Version 12.00
# Visual Studio Version 17
VisualStudioVersion = 17.2.32630.192
MinimumVisualStudioVersion = 10.0.40219.1
Project("{FAE04EC0-301F-11D3-BF4B-00C04F79EFBC}") = "API-DB", "API-DB\API-DB.csproj", "{79C45C3E-2507-46D8-BE15-63354BE256F2}"
EndProject
Global
	GlobalSection(SolutionConfigurationPlatforms) = preSolution
		Debug|Any CPU = Debug|Any CPU
		Release|Any CPU = Release|Any CPU
	EndGlobalSection
	GlobalSection(ProjectConfigurationPlatforms) = postSolution
		{79C45C3E-2507-46D8-BE15-63354BE256F2}.Debug|Any CPU.ActiveCfg = Debug|Any CPU
		{79C45C3E-2507-46D8-BE15-63354BE256F2}.Debug|Any CPU.Build.0 = Debug|Any CPU
		{79C45C3E-2507-46D8-BE15-63354BE256F2}.Release|Any CPU.ActiveCfg = Release|Any CPU
		{79C45C3E-2507-46D8-BE15-63354BE256F2}.Release|Any CPU.Build.0 = Release|Any CPU
	EndGlobalSection
	GlobalSection(SolutionProperties) = preSolution
		HideSolutionNode = FALSE
	EndGlobalSection
	GlobalSection(ExtensibilityGlobals) = postSolution
		SolutionGuid = {B6F083D6-5F8C-4191-81D9-63DC1111E9B6}
	EndGlobalSection
EndGlobal
